%% THIS FILE IS GENERATED. DO NOT EDIT IT MANUALLY %%

{sub_dirs,["rel"]}.
{cover_enabled,true}.
{eunit_opts,[verbose,{report,{eunit_surefire,[{dir,"."}]}}]}.
{plugins,[rebar_lock_deps_plugin]}.
{deps,[{mochiweb,".*",
                 {git,"git://github.com/basho/mochiweb",
                      "2984b7419d5900036fb120d810d80700ae2b89e2"}},
       {rebar_lock_deps_plugin,".*",
                               {git,"git://github.com/seth/rebar_lock_deps_plugin.git",
                                    "0711998f15154d42a1435249528ad4f6274d25bb"}},
       {uuid,".*",
             {git,"git://gitorious.org/avtobiff/erlang-uuid.git",
                  "d84d27f3ed27505a2b9a4409dc63c83b531adb07"}},
       {vht_ptk5,".*",
                 {git,"git@10.10.1.81:vht_ptk5.git",
                      "2fe911761e9e2a4885b8ecefd608054cbd000f0b"}},
       {vht_qmcl_messaging,".*",
                           {git,"git@10.10.1.81:vht_qmcl_messaging.git",
                                "69790ae307243e670d1c198da565b683bfd5b6bb"}},
       {vht_qmcl_tcp,".*",
                     {git,"git@10.10.1.81:vht_qmcl_tcp.git",
                          "09eaff3616303a9172fe1bc76ab5d610ff28621c"}},
       {webmachine,".*",
                   {git,"git://github.com/basho/webmachine",
                        "75786f44b478b01588933924893c9bba91911730"}}]}.

